
Microsoft Visual Studio Solution File, Format Version 12.00
# Visual Studio Version 16
VisualStudioVersion = 16.0.30907.101
MinimumVisualStudioVersion = 10.0.40219.1
Project("{9A19103F-16F7-4668-BE54-9A1E7A4F7556}") = "ConsoleApp4", "ConsoleApp4\ConsoleApp4.csproj", "{07824C81-A431-4695-9179-BB454263B6FA}"
EndProject
Global
	GlobalSection(SolutionConfigurationPlatforms) = preSolution
		Debug|Any CPU = Debug|Any CPU
		Release|Any CPU = Release|Any CPU
	EndGlobalSection
	GlobalSection(ProjectConfigurationPlatforms) = postSolution
		{07824C81-A431-4695-9179-BB454263B6FA}.Debug|Any CPU.ActiveCfg = Debug|Any CPU
		{07824C81-A431-4695-9179-BB454263B6FA}.Debug|Any CPU.Build.0 = Debug|Any CPU
		{07824C81-A431-4695-9179-BB454263B6FA}.Release|Any CPU.ActiveCfg = Release|Any CPU
		{07824C81-A431-4695-9179-BB454263B6FA}.Release|Any CPU.Build.0 = Release|Any CPU
	EndGlobalSection
	GlobalSection(SolutionProperties) = preSolution
		HideSolutionNode = FALSE
	EndGlobalSection
	GlobalSection(ExtensibilityGlobals) = postSolution
		SolutionGuid = {BB42F7AC-E560-4178-9838-9E4841060C9A}
	EndGlobalSection
EndGlobal
